(setq el-get-lock-package-versions
      '((git-commit-mode :checksum "0bcbffd05ffa82fa788e0c8e63c03dd072f42bf9")
        (git-gutter+ :checksum "b7726997806d9a2da9fe84ff00ecf21d62b6f975")
        (flycheck-pos-tip :checksum "909113977d37739387c7f099d74a724cfe6efcec")
        (pos-tip :checksum "051e08fec5cf30b7574bdf439f79fef7d42d689d")
        (flycheck :checksum "0995b0bb3f518c7350f1428860c0fc7eeaee3c46")
        (yatemplate :checksum "4f4fca9f04f7088c98aa195cf33635a35a6055cb")
        (slime :checksum "b05315a838c2720f2585d3f890f3b5cb66b13d69")
        (slime-company :checksum "6c244690c80387a32b0cb984843e00c8b75ad6bb")
        (company-jedi :checksum "2f54e791e10f5dc0ff164bfe97f1878359fab6f6")
        (rust-mode :checksum "106aeab800fb3404baf231845d3e3549ec235afa")
        (markdown-mode :checksum "b274cb9c062f4ba1f630d44c0394e47a2dd2519b")
        (dockerfile-mode :checksum "64733f64ea9be1e5e534e590846869b75c62ed1f")
        (jedi-core :checksum "b0764f425766786dfb1bff910ed1d1670f11eb9c")
        (company-mode :checksum "1f836b6b16d313bddef2cccebf49f42d36c58e28")
        (epc :checksum "e1bfa5ca163273859336e3cc89b4b6460f7f8cda")
        (ctable :checksum "b8830d1ca95abb100a81bc32011bd17d5ecba000")
        (python-environment :checksum "401006584e32864a10c69d29f14414828909362e")
        (deferred :checksum "94362794405e2ab8c88fcbc2b93fb045e0e9d2e4")
        (el-get-lock :checksum "df8cfe55441695865a64b97946750b6413a40425")
        (fringe-helper :checksum "ef4a9c023bae18ec1ddd7265f1f2d6d2e775efdd")
        (yasnippet :checksum "d3bb879356288ef38975fbf85947c7371b8c9759")
        (irony-mode :checksum "91353a291509f0615fabaedcd92663cd6d94d345")
        (pkg-info :checksum "76ba7415480687d05a4353b27fea2ae02b8d9d61")
        (epl :checksum "78ab7a85c08222cd15582a298a364774e3282ce6")
        (graphviz-dot-mode :checksum "d052bde6fdbd7532dff1e6ed2a55245e7b4f54f4")
        (dash :checksum "a74f4cfcdc8d0642a9f602ad494f0354f27dacc9")
        (s :checksum "03410e6a7a2b11e47e1fea3b7d9899c7df26435e")))
(setq el-get-lock-locked-packages 'nil)
(setq el-get-lock-unlocked-packages
      '(seq el-get))
