(setq el-get-lock-package-versions
      '((markdown-mode :checksum "3221449860405a51dddb546a09249ee2410a034d")
        (cmake-mode :checksum "2205381391a3c02b1e87b6687cd33ffe60794468")
        (yatemplate :checksum "3854836489ce06bb65cf9aecbdc06aa5fc6801c5")
        (yasnippet :checksum "0463c75b636fe02273c2b8ca85f36b56a206c5c5")
        (ag :checksum "2efb3ea5c3f3b4de79a6f21fa8dbcf90afb758f5")
        (s :checksum "e61dee51474e61b777575b474459c582f3084f64")
        (dash :checksum "b4faa9397e06206b646f684a603e320f962674d1")
        (yaml-mode :checksum "28c34033194130d452d5c958b5241c88d42ca02b")
        (epc :checksum "76fe6847a341f78c635164c18908a0b691f7212c")
        (ctable :checksum "cd673a09a80ce4e9e102ffe2e3d7e6bfb9d652b0")
        (auto-complete :checksum "2e83566ddfa758c69afe50b8a1c62a66f47471e3")
        (popup :checksum "80829dd46381754639fb764da11c67235fe63282")
        (fuzzy :checksum "534d723ad2e06322ff8d9bd0ba4863d243f698e7")
        (python-environment :checksum "401006584e32864a10c69d29f14414828909362e")
        (deferred :checksum "d012a1ab50edcc2c44e3e49006f054dbff47cb6c")
        (slime :checksum "d0fd5c50135c20f172a0d7c69250c2d80d2f51e6")
        (git-gutter-fringe+ :checksum "7a2f49d2455a3a872e90e5f7dd4e6b27f1d96cfc")
        (fringe-helper :checksum "ef4a9c023bae18ec1ddd7265f1f2d6d2e775efdd")
        (git-gutter+ :checksum "b7726997806d9a2da9fe84ff00ecf21d62b6f975")
        (irony-eldoc :checksum "0df5831eaae264a25422b061eb2792aadde8b3f2")
        (irony-mode :checksum "d47bc8d94748dbd87fed9bf92cea85e115a39031")))
(setq el-get-lock-locked-packages 'nil)
(setq el-get-lock-unlocked-packages 'nil)
